
Microsoft Visual Studio Solution File, Format Version 12.00
# Visual Studio 2012
Project("{FAE04EC0-301F-11D3-BF4B-00C04F79EFBC}") = "SensorViewLibrary", "..\SensorViewLibrary\SensorViewLibrary.csproj", "{67364770-A9D3-42C1-ADB9-DF160FB38A27}"
EndProject
Project("{FAE04EC0-301F-11D3-BF4B-00C04F79EFBC}") = "SensorLivetView", "..\SensorLivetView\SensorLivetView.csproj", "{6DDB5211-7C3D-40EC-B826-B928AFFCD432}"
EndProject
Project("{2150E333-8FDC-42A3-9474-1A3956D46DE8}") = "Solution Items", "Solution Items", "{6D232EBE-87CD-4D4E-BFDE-FB2402676506}"
	ProjectSection(SolutionItems) = preProject
		TusSolution.vsmdi = TusSolution.vsmdi
		UnitTestSettings.testsettings = UnitTestSettings.testsettings
		パフォーマンス1.psess = パフォーマンス1.psess
	EndProjectSection
EndProject
Project("{888888A0-9F3D-457C-B088-3A5042F75D52}") = "TusServer", "TusServer\TusServer.pyproj", "{D58C2A9E-FB74-4D92-87A9-67E47AEA7007}"
EndProject
Project("{FAE04EC0-301F-11D3-BF4B-00C04F79EFBC}") = "Tus.TransControl", "RouteLibrary\Tus.TransControl.csproj", "{39E73A78-039D-45DD-AD32-879B81EA567E}"
EndProject
Project("{FAE04EC0-301F-11D3-BF4B-00C04F79EFBC}") = "RouteServerConsole", "RouteServerConsole\RouteServerConsole.csproj", "{59D80A24-B488-46D2-9A1A-514166D20AEA}"
EndProject
Project("{FAE04EC0-301F-11D3-BF4B-00C04F79EFBC}") = "DengoController", "DengoController\DengoController.csproj", "{4D1C6B04-A0FF-45A0-837E-3C0FD5E478AA}"
EndProject
Project("{2150E333-8FDC-42A3-9474-1A3956D46DE8}") = ".nuget", ".nuget", "{F47D62E0-33F8-4867-BA65-052C8BFFC1E0}"
	ProjectSection(SolutionItems) = preProject
		.nuget\NuGet.Config = .nuget\NuGet.Config
		.nuget\NuGet.exe = .nuget\NuGet.exe
		.nuget\NuGet.targets = .nuget\NuGet.targets
	EndProjectSection
EndProject
Project("{FAE04EC0-301F-11D3-BF4B-00C04F79EFBC}") = "DialogConsole", "DialogConsole\DialogConsole.csproj", "{F2232BF9-17E6-4641-8326-D8B7BD90A1E9}"
EndProject
Project("{FAE04EC0-301F-11D3-BF4B-00C04F79EFBC}") = "RailroaderIO", "RailroaderIO\RailroaderIO.csproj", "{9C902CD5-20AE-45C4-918A-863F7D6064A0}"
EndProject
Project("{FAE04EC0-301F-11D3-BF4B-00C04F79EFBC}") = "RouteVisualizer", "RouteVisualizer\RouteVisualizer.csproj", "{E366CBAE-EDDF-4486-87A2-826A07E1D9CC}"
EndProject
Project("{FAE04EC0-301F-11D3-BF4B-00C04F79EFBC}") = "Tus.Communication.Device.AvrComposed", "SensorLibrary.Devices.TusAvrDevices\Tus.Communication.Device.AvrComposed.csproj", "{941ABACA-CCF7-436B-8D63-C3751CC1D1A9}"
EndProject
Project("{2150E333-8FDC-42A3-9474-1A3956D46DE8}") = "DevicePlugin", "DevicePlugin", "{46EF153C-B6DD-41C7-A904-BD5CF9051F13}"
EndProject
Project("{FAE04EC0-301F-11D3-BF4B-00C04F79EFBC}") = "Tus.Communication", "Tus.Communication\Tus.Communication.csproj", "{2FCBA61B-F967-442F-A3F6-3A8AA7126B17}"
EndProject
Project("{2150E333-8FDC-42A3-9474-1A3956D46DE8}") = "Communication", "Communication", "{D48E877B-B792-4A79-8888-A3588AECDB3A}"
EndProject
Project("{FAE04EC0-301F-11D3-BF4B-00C04F79EFBC}") = "Tus.Communication.Device", "Tus.Communication.Device\Tus.Communication.Device.csproj", "{BBBD4A5A-1A91-436E-88BC-8621AC261B7F}"
EndProject
Project("{2150E333-8FDC-42A3-9474-1A3956D46DE8}") = "Route", "Route", "{4AED919F-FD3A-4808-ACD4-7B7166976793}"
EndProject
Project("{2150E333-8FDC-42A3-9474-1A3956D46DE8}") = "Factory", "Factory", "{42DD2714-BB39-4FED-9704-2E0A160EDF80}"
EndProject
Project("{FAE04EC0-301F-11D3-BF4B-00C04F79EFBC}") = "Tus.Factory", "Tus.Factory\Tus.Factory.csproj", "{A367ED72-ABD5-4CFD-A9BD-4BA911D53584}"
EndProject
Project("{FAE04EC0-301F-11D3-BF4B-00C04F79EFBC}") = "SimpleJsonServer", "SimpleJsonServer\SimpleJsonServer.csproj", "{554FE933-54A5-4AD9-9C32-181559466ABC}"
EndProject
Project("{F088123C-0E9E-452A-89E6-6BA2F21D5CAC}") = "HogeModeling", "HogeModeling\HogeModeling.modelproj", "{B5A01056-690F-4D13-8581-AD5095C5E297}"
EndProject
Project("{FAE04EC0-301F-11D3-BF4B-00C04F79EFBC}") = "TusTestProject", "TusTestProject\TusTestProject.csproj", "{DBCF0DCD-01CC-4109-98D0-36ED60C9D11C}"
EndProject
Project("{FAE04EC0-301F-11D3-BF4B-00C04F79EFBC}") = "Tus.Illumination", "Tus.Illumination\Tus.Illumination.csproj", "{A1C4F9C0-7AD4-4A72-B463-70C2BD221373}"
EndProject
Global
	GlobalSection(TestCaseManagementSettings) = postSolution
		CategoryFile = TusSolution.vsmdi
	EndGlobalSection
	GlobalSection(SolutionConfigurationPlatforms) = preSolution
		Debug|Any CPU = Debug|Any CPU
		Debug|Mixed Platforms = Debug|Mixed Platforms
		Debug|x86 = Debug|x86
		Release|Any CPU = Release|Any CPU
		Release|Mixed Platforms = Release|Mixed Platforms
		Release|x86 = Release|x86
	EndGlobalSection
	GlobalSection(ProjectConfigurationPlatforms) = postSolution
		{67364770-A9D3-42C1-ADB9-DF160FB38A27}.Debug|Any CPU.ActiveCfg = Debug|x86
		{67364770-A9D3-42C1-ADB9-DF160FB38A27}.Debug|Mixed Platforms.ActiveCfg = Debug|x86
		{67364770-A9D3-42C1-ADB9-DF160FB38A27}.Debug|Mixed Platforms.Build.0 = Debug|x86
		{67364770-A9D3-42C1-ADB9-DF160FB38A27}.Debug|x86.ActiveCfg = Debug|x86
		{67364770-A9D3-42C1-ADB9-DF160FB38A27}.Debug|x86.Build.0 = Debug|x86
		{67364770-A9D3-42C1-ADB9-DF160FB38A27}.Release|Any CPU.ActiveCfg = Release|x86
		{67364770-A9D3-42C1-ADB9-DF160FB38A27}.Release|Mixed Platforms.ActiveCfg = Release|x86
		{67364770-A9D3-42C1-ADB9-DF160FB38A27}.Release|Mixed Platforms.Build.0 = Release|x86
		{67364770-A9D3-42C1-ADB9-DF160FB38A27}.Release|x86.ActiveCfg = Release|x86
		{67364770-A9D3-42C1-ADB9-DF160FB38A27}.Release|x86.Build.0 = Release|x86
		{6DDB5211-7C3D-40EC-B826-B928AFFCD432}.Debug|Any CPU.ActiveCfg = Debug|x86
		{6DDB5211-7C3D-40EC-B826-B928AFFCD432}.Debug|Mixed Platforms.ActiveCfg = Debug|x86
		{6DDB5211-7C3D-40EC-B826-B928AFFCD432}.Debug|Mixed Platforms.Build.0 = Debug|x86
		{6DDB5211-7C3D-40EC-B826-B928AFFCD432}.Debug|x86.ActiveCfg = Debug|x86
		{6DDB5211-7C3D-40EC-B826-B928AFFCD432}.Debug|x86.Build.0 = Debug|x86
		{6DDB5211-7C3D-40EC-B826-B928AFFCD432}.Release|Any CPU.ActiveCfg = Release|x86
		{6DDB5211-7C3D-40EC-B826-B928AFFCD432}.Release|Mixed Platforms.ActiveCfg = Release|x86
		{6DDB5211-7C3D-40EC-B826-B928AFFCD432}.Release|Mixed Platforms.Build.0 = Release|x86
		{6DDB5211-7C3D-40EC-B826-B928AFFCD432}.Release|x86.ActiveCfg = Release|x86
		{6DDB5211-7C3D-40EC-B826-B928AFFCD432}.Release|x86.Build.0 = Release|x86
		{D58C2A9E-FB74-4D92-87A9-67E47AEA7007}.Debug|Any CPU.ActiveCfg = Debug|Any CPU
		{D58C2A9E-FB74-4D92-87A9-67E47AEA7007}.Debug|Mixed Platforms.ActiveCfg = Debug|Any CPU
		{D58C2A9E-FB74-4D92-87A9-67E47AEA7007}.Debug|x86.ActiveCfg = Debug|Any CPU
		{D58C2A9E-FB74-4D92-87A9-67E47AEA7007}.Release|Any CPU.ActiveCfg = Release|Any CPU
		{D58C2A9E-FB74-4D92-87A9-67E47AEA7007}.Release|Mixed Platforms.ActiveCfg = Release|Any CPU
		{D58C2A9E-FB74-4D92-87A9-67E47AEA7007}.Release|x86.ActiveCfg = Release|Any CPU
		{39E73A78-039D-45DD-AD32-879B81EA567E}.Debug|Any CPU.ActiveCfg = Debug|Any CPU
		{39E73A78-039D-45DD-AD32-879B81EA567E}.Debug|Any CPU.Build.0 = Debug|Any CPU
		{39E73A78-039D-45DD-AD32-879B81EA567E}.Debug|Mixed Platforms.ActiveCfg = Debug|Any CPU
		{39E73A78-039D-45DD-AD32-879B81EA567E}.Debug|Mixed Platforms.Build.0 = Debug|Any CPU
		{39E73A78-039D-45DD-AD32-879B81EA567E}.Debug|x86.ActiveCfg = Debug|Any CPU
		{39E73A78-039D-45DD-AD32-879B81EA567E}.Release|Any CPU.ActiveCfg = Release|Any CPU
		{39E73A78-039D-45DD-AD32-879B81EA567E}.Release|Any CPU.Build.0 = Release|Any CPU
		{39E73A78-039D-45DD-AD32-879B81EA567E}.Release|Mixed Platforms.ActiveCfg = Release|Any CPU
		{39E73A78-039D-45DD-AD32-879B81EA567E}.Release|Mixed Platforms.Build.0 = Release|Any CPU
		{39E73A78-039D-45DD-AD32-879B81EA567E}.Release|x86.ActiveCfg = Release|Any CPU
		{59D80A24-B488-46D2-9A1A-514166D20AEA}.Debug|Any CPU.ActiveCfg = Debug|x86
		{59D80A24-B488-46D2-9A1A-514166D20AEA}.Debug|Mixed Platforms.ActiveCfg = Debug|x86
		{59D80A24-B488-46D2-9A1A-514166D20AEA}.Debug|Mixed Platforms.Build.0 = Debug|x86
		{59D80A24-B488-46D2-9A1A-514166D20AEA}.Debug|x86.ActiveCfg = Debug|x86
		{59D80A24-B488-46D2-9A1A-514166D20AEA}.Debug|x86.Build.0 = Debug|x86
		{59D80A24-B488-46D2-9A1A-514166D20AEA}.Release|Any CPU.ActiveCfg = Release|x86
		{59D80A24-B488-46D2-9A1A-514166D20AEA}.Release|Mixed Platforms.ActiveCfg = Release|x86
		{59D80A24-B488-46D2-9A1A-514166D20AEA}.Release|Mixed Platforms.Build.0 = Release|x86
		{59D80A24-B488-46D2-9A1A-514166D20AEA}.Release|x86.ActiveCfg = Release|x86
		{59D80A24-B488-46D2-9A1A-514166D20AEA}.Release|x86.Build.0 = Release|x86
		{4D1C6B04-A0FF-45A0-837E-3C0FD5E478AA}.Debug|Any CPU.ActiveCfg = Debug|Any CPU
		{4D1C6B04-A0FF-45A0-837E-3C0FD5E478AA}.Debug|Any CPU.Build.0 = Debug|Any CPU
		{4D1C6B04-A0FF-45A0-837E-3C0FD5E478AA}.Debug|Mixed Platforms.ActiveCfg = Debug|Any CPU
		{4D1C6B04-A0FF-45A0-837E-3C0FD5E478AA}.Debug|Mixed Platforms.Build.0 = Debug|Any CPU
		{4D1C6B04-A0FF-45A0-837E-3C0FD5E478AA}.Debug|x86.ActiveCfg = Debug|Any CPU
		{4D1C6B04-A0FF-45A0-837E-3C0FD5E478AA}.Release|Any CPU.ActiveCfg = Release|Any CPU
		{4D1C6B04-A0FF-45A0-837E-3C0FD5E478AA}.Release|Any CPU.Build.0 = Release|Any CPU
		{4D1C6B04-A0FF-45A0-837E-3C0FD5E478AA}.Release|Mixed Platforms.ActiveCfg = Release|Any CPU
		{4D1C6B04-A0FF-45A0-837E-3C0FD5E478AA}.Release|Mixed Platforms.Build.0 = Release|Any CPU
		{4D1C6B04-A0FF-45A0-837E-3C0FD5E478AA}.Release|x86.ActiveCfg = Release|Any CPU
		{F2232BF9-17E6-4641-8326-D8B7BD90A1E9}.Debug|Any CPU.ActiveCfg = Debug|Any CPU
		{F2232BF9-17E6-4641-8326-D8B7BD90A1E9}.Debug|Any CPU.Build.0 = Debug|Any CPU
		{F2232BF9-17E6-4641-8326-D8B7BD90A1E9}.Debug|Mixed Platforms.ActiveCfg = Debug|Any CPU
		{F2232BF9-17E6-4641-8326-D8B7BD90A1E9}.Debug|Mixed Platforms.Build.0 = Debug|Any CPU
		{F2232BF9-17E6-4641-8326-D8B7BD90A1E9}.Debug|x86.ActiveCfg = Debug|Any CPU
		{F2232BF9-17E6-4641-8326-D8B7BD90A1E9}.Release|Any CPU.ActiveCfg = Release|Any CPU
		{F2232BF9-17E6-4641-8326-D8B7BD90A1E9}.Release|Any CPU.Build.0 = Release|Any CPU
		{F2232BF9-17E6-4641-8326-D8B7BD90A1E9}.Release|Mixed Platforms.ActiveCfg = Release|Any CPU
		{F2232BF9-17E6-4641-8326-D8B7BD90A1E9}.Release|Mixed Platforms.Build.0 = Release|Any CPU
		{F2232BF9-17E6-4641-8326-D8B7BD90A1E9}.Release|x86.ActiveCfg = Release|Any CPU
		{9C902CD5-20AE-45C4-918A-863F7D6064A0}.Debug|Any CPU.ActiveCfg = Debug|Any CPU
		{9C902CD5-20AE-45C4-918A-863F7D6064A0}.Debug|Any CPU.Build.0 = Debug|Any CPU
		{9C902CD5-20AE-45C4-918A-863F7D6064A0}.Debug|Mixed Platforms.ActiveCfg = Debug|Any CPU
		{9C902CD5-20AE-45C4-918A-863F7D6064A0}.Debug|Mixed Platforms.Build.0 = Debug|Any CPU
		{9C902CD5-20AE-45C4-918A-863F7D6064A0}.Debug|x86.ActiveCfg = Debug|Any CPU
		{9C902CD5-20AE-45C4-918A-863F7D6064A0}.Release|Any CPU.ActiveCfg = Release|Any CPU
		{9C902CD5-20AE-45C4-918A-863F7D6064A0}.Release|Any CPU.Build.0 = Release|Any CPU
		{9C902CD5-20AE-45C4-918A-863F7D6064A0}.Release|Mixed Platforms.ActiveCfg = Release|Any CPU
		{9C902CD5-20AE-45C4-918A-863F7D6064A0}.Release|Mixed Platforms.Build.0 = Release|Any CPU
		{9C902CD5-20AE-45C4-918A-863F7D6064A0}.Release|x86.ActiveCfg = Release|Any CPU
		{E366CBAE-EDDF-4486-87A2-826A07E1D9CC}.Debug|Any CPU.ActiveCfg = Debug|x86
		{E366CBAE-EDDF-4486-87A2-826A07E1D9CC}.Debug|Mixed Platforms.ActiveCfg = Debug|x86
		{E366CBAE-EDDF-4486-87A2-826A07E1D9CC}.Debug|Mixed Platforms.Build.0 = Debug|x86
		{E366CBAE-EDDF-4486-87A2-826A07E1D9CC}.Debug|x86.ActiveCfg = Debug|x86
		{E366CBAE-EDDF-4486-87A2-826A07E1D9CC}.Debug|x86.Build.0 = Debug|x86
		{E366CBAE-EDDF-4486-87A2-826A07E1D9CC}.Release|Any CPU.ActiveCfg = Release|x86
		{E366CBAE-EDDF-4486-87A2-826A07E1D9CC}.Release|Mixed Platforms.ActiveCfg = Release|x86
		{E366CBAE-EDDF-4486-87A2-826A07E1D9CC}.Release|Mixed Platforms.Build.0 = Release|x86
		{E366CBAE-EDDF-4486-87A2-826A07E1D9CC}.Release|x86.ActiveCfg = Release|x86
		{E366CBAE-EDDF-4486-87A2-826A07E1D9CC}.Release|x86.Build.0 = Release|x86
		{941ABACA-CCF7-436B-8D63-C3751CC1D1A9}.Debug|Any CPU.ActiveCfg = Debug|Any CPU
		{941ABACA-CCF7-436B-8D63-C3751CC1D1A9}.Debug|Any CPU.Build.0 = Debug|Any CPU
		{941ABACA-CCF7-436B-8D63-C3751CC1D1A9}.Debug|Mixed Platforms.ActiveCfg = Debug|Any CPU
		{941ABACA-CCF7-436B-8D63-C3751CC1D1A9}.Debug|Mixed Platforms.Build.0 = Debug|Any CPU
		{941ABACA-CCF7-436B-8D63-C3751CC1D1A9}.Debug|x86.ActiveCfg = Debug|Any CPU
		{941ABACA-CCF7-436B-8D63-C3751CC1D1A9}.Release|Any CPU.ActiveCfg = Release|Any CPU
		{941ABACA-CCF7-436B-8D63-C3751CC1D1A9}.Release|Any CPU.Build.0 = Release|Any CPU
		{941ABACA-CCF7-436B-8D63-C3751CC1D1A9}.Release|Mixed Platforms.ActiveCfg = Release|Any CPU
		{941ABACA-CCF7-436B-8D63-C3751CC1D1A9}.Release|Mixed Platforms.Build.0 = Release|Any CPU
		{941ABACA-CCF7-436B-8D63-C3751CC1D1A9}.Release|x86.ActiveCfg = Release|Any CPU
		{2FCBA61B-F967-442F-A3F6-3A8AA7126B17}.Debug|Any CPU.ActiveCfg = Debug|Any CPU
		{2FCBA61B-F967-442F-A3F6-3A8AA7126B17}.Debug|Any CPU.Build.0 = Debug|Any CPU
		{2FCBA61B-F967-442F-A3F6-3A8AA7126B17}.Debug|Mixed Platforms.ActiveCfg = Debug|Any CPU
		{2FCBA61B-F967-442F-A3F6-3A8AA7126B17}.Debug|Mixed Platforms.Build.0 = Debug|Any CPU
		{2FCBA61B-F967-442F-A3F6-3A8AA7126B17}.Debug|x86.ActiveCfg = Debug|Any CPU
		{2FCBA61B-F967-442F-A3F6-3A8AA7126B17}.Release|Any CPU.ActiveCfg = Release|Any CPU
		{2FCBA61B-F967-442F-A3F6-3A8AA7126B17}.Release|Any CPU.Build.0 = Release|Any CPU
		{2FCBA61B-F967-442F-A3F6-3A8AA7126B17}.Release|Mixed Platforms.ActiveCfg = Release|Any CPU
		{2FCBA61B-F967-442F-A3F6-3A8AA7126B17}.Release|Mixed Platforms.Build.0 = Release|Any CPU
		{2FCBA61B-F967-442F-A3F6-3A8AA7126B17}.Release|x86.ActiveCfg = Release|Any CPU
		{BBBD4A5A-1A91-436E-88BC-8621AC261B7F}.Debug|Any CPU.ActiveCfg = Debug|Any CPU
		{BBBD4A5A-1A91-436E-88BC-8621AC261B7F}.Debug|Any CPU.Build.0 = Debug|Any CPU
		{BBBD4A5A-1A91-436E-88BC-8621AC261B7F}.Debug|Mixed Platforms.ActiveCfg = Debug|Any CPU
		{BBBD4A5A-1A91-436E-88BC-8621AC261B7F}.Debug|Mixed Platforms.Build.0 = Debug|Any CPU
		{BBBD4A5A-1A91-436E-88BC-8621AC261B7F}.Debug|x86.ActiveCfg = Debug|Any CPU
		{BBBD4A5A-1A91-436E-88BC-8621AC261B7F}.Release|Any CPU.ActiveCfg = Release|Any CPU
		{BBBD4A5A-1A91-436E-88BC-8621AC261B7F}.Release|Any CPU.Build.0 = Release|Any CPU
		{BBBD4A5A-1A91-436E-88BC-8621AC261B7F}.Release|Mixed Platforms.ActiveCfg = Release|Any CPU
		{BBBD4A5A-1A91-436E-88BC-8621AC261B7F}.Release|Mixed Platforms.Build.0 = Release|Any CPU
		{BBBD4A5A-1A91-436E-88BC-8621AC261B7F}.Release|x86.ActiveCfg = Release|Any CPU
		{A367ED72-ABD5-4CFD-A9BD-4BA911D53584}.Debug|Any CPU.ActiveCfg = Debug|Any CPU
		{A367ED72-ABD5-4CFD-A9BD-4BA911D53584}.Debug|Any CPU.Build.0 = Debug|Any CPU
		{A367ED72-ABD5-4CFD-A9BD-4BA911D53584}.Debug|Mixed Platforms.ActiveCfg = Debug|Any CPU
		{A367ED72-ABD5-4CFD-A9BD-4BA911D53584}.Debug|Mixed Platforms.Build.0 = Debug|Any CPU
		{A367ED72-ABD5-4CFD-A9BD-4BA911D53584}.Debug|x86.ActiveCfg = Debug|Any CPU
		{A367ED72-ABD5-4CFD-A9BD-4BA911D53584}.Release|Any CPU.ActiveCfg = Release|Any CPU
		{A367ED72-ABD5-4CFD-A9BD-4BA911D53584}.Release|Any CPU.Build.0 = Release|Any CPU
		{A367ED72-ABD5-4CFD-A9BD-4BA911D53584}.Release|Mixed Platforms.ActiveCfg = Release|Any CPU
		{A367ED72-ABD5-4CFD-A9BD-4BA911D53584}.Release|Mixed Platforms.Build.0 = Release|Any CPU
		{A367ED72-ABD5-4CFD-A9BD-4BA911D53584}.Release|x86.ActiveCfg = Release|Any CPU
		{554FE933-54A5-4AD9-9C32-181559466ABC}.Debug|Any CPU.ActiveCfg = Debug|Any CPU
		{554FE933-54A5-4AD9-9C32-181559466ABC}.Debug|Any CPU.Build.0 = Debug|Any CPU
		{554FE933-54A5-4AD9-9C32-181559466ABC}.Debug|Mixed Platforms.ActiveCfg = Debug|Any CPU
		{554FE933-54A5-4AD9-9C32-181559466ABC}.Debug|Mixed Platforms.Build.0 = Debug|Any CPU
		{554FE933-54A5-4AD9-9C32-181559466ABC}.Debug|x86.ActiveCfg = Debug|Any CPU
		{554FE933-54A5-4AD9-9C32-181559466ABC}.Release|Any CPU.ActiveCfg = Release|Any CPU
		{554FE933-54A5-4AD9-9C32-181559466ABC}.Release|Any CPU.Build.0 = Release|Any CPU
		{554FE933-54A5-4AD9-9C32-181559466ABC}.Release|Mixed Platforms.ActiveCfg = Release|Any CPU
		{554FE933-54A5-4AD9-9C32-181559466ABC}.Release|Mixed Platforms.Build.0 = Release|Any CPU
		{554FE933-54A5-4AD9-9C32-181559466ABC}.Release|x86.ActiveCfg = Release|Any CPU
		{B5A01056-690F-4D13-8581-AD5095C5E297}.Debug|Any CPU.ActiveCfg = Debug|Any CPU
		{B5A01056-690F-4D13-8581-AD5095C5E297}.Debug|Any CPU.Build.0 = Debug|Any CPU
		{B5A01056-690F-4D13-8581-AD5095C5E297}.Debug|Mixed Platforms.ActiveCfg = Debug|Any CPU
		{B5A01056-690F-4D13-8581-AD5095C5E297}.Debug|Mixed Platforms.Build.0 = Debug|Any CPU
		{B5A01056-690F-4D13-8581-AD5095C5E297}.Debug|x86.ActiveCfg = Debug|Any CPU
		{B5A01056-690F-4D13-8581-AD5095C5E297}.Release|Any CPU.ActiveCfg = Release|Any CPU
		{B5A01056-690F-4D13-8581-AD5095C5E297}.Release|Any CPU.Build.0 = Release|Any CPU
		{B5A01056-690F-4D13-8581-AD5095C5E297}.Release|Mixed Platforms.ActiveCfg = Release|Any CPU
		{B5A01056-690F-4D13-8581-AD5095C5E297}.Release|Mixed Platforms.Build.0 = Release|Any CPU
		{B5A01056-690F-4D13-8581-AD5095C5E297}.Release|x86.ActiveCfg = Release|Any CPU
		{DBCF0DCD-01CC-4109-98D0-36ED60C9D11C}.Debug|Any CPU.ActiveCfg = Debug|Any CPU
		{DBCF0DCD-01CC-4109-98D0-36ED60C9D11C}.Debug|Any CPU.Build.0 = Debug|Any CPU
		{DBCF0DCD-01CC-4109-98D0-36ED60C9D11C}.Debug|Mixed Platforms.ActiveCfg = Debug|Any CPU
		{DBCF0DCD-01CC-4109-98D0-36ED60C9D11C}.Debug|Mixed Platforms.Build.0 = Debug|Any CPU
		{DBCF0DCD-01CC-4109-98D0-36ED60C9D11C}.Debug|x86.ActiveCfg = Debug|Any CPU
		{DBCF0DCD-01CC-4109-98D0-36ED60C9D11C}.Release|Any CPU.ActiveCfg = Release|Any CPU
		{DBCF0DCD-01CC-4109-98D0-36ED60C9D11C}.Release|Any CPU.Build.0 = Release|Any CPU
		{DBCF0DCD-01CC-4109-98D0-36ED60C9D11C}.Release|Mixed Platforms.ActiveCfg = Release|Any CPU
		{DBCF0DCD-01CC-4109-98D0-36ED60C9D11C}.Release|Mixed Platforms.Build.0 = Release|Any CPU
		{DBCF0DCD-01CC-4109-98D0-36ED60C9D11C}.Release|x86.ActiveCfg = Release|Any CPU
		{A1C4F9C0-7AD4-4A72-B463-70C2BD221373}.Debug|Any CPU.ActiveCfg = Debug|Any CPU
		{A1C4F9C0-7AD4-4A72-B463-70C2BD221373}.Debug|Any CPU.Build.0 = Debug|Any CPU
		{A1C4F9C0-7AD4-4A72-B463-70C2BD221373}.Debug|Mixed Platforms.ActiveCfg = Debug|Any CPU
		{A1C4F9C0-7AD4-4A72-B463-70C2BD221373}.Debug|Mixed Platforms.Build.0 = Debug|Any CPU
		{A1C4F9C0-7AD4-4A72-B463-70C2BD221373}.Debug|x86.ActiveCfg = Debug|Any CPU
		{A1C4F9C0-7AD4-4A72-B463-70C2BD221373}.Release|Any CPU.ActiveCfg = Release|Any CPU
		{A1C4F9C0-7AD4-4A72-B463-70C2BD221373}.Release|Any CPU.Build.0 = Release|Any CPU
		{A1C4F9C0-7AD4-4A72-B463-70C2BD221373}.Release|Mixed Platforms.ActiveCfg = Release|Any CPU
		{A1C4F9C0-7AD4-4A72-B463-70C2BD221373}.Release|Mixed Platforms.Build.0 = Release|Any CPU
		{A1C4F9C0-7AD4-4A72-B463-70C2BD221373}.Release|x86.ActiveCfg = Release|Any CPU
	EndGlobalSection
	GlobalSection(SolutionProperties) = preSolution
		HideSolutionNode = FALSE
	EndGlobalSection
	GlobalSection(NestedProjects) = preSolution
		{39E73A78-039D-45DD-AD32-879B81EA567E} = {4AED919F-FD3A-4808-ACD4-7B7166976793}
		{A1C4F9C0-7AD4-4A72-B463-70C2BD221373} = {4AED919F-FD3A-4808-ACD4-7B7166976793}
		{941ABACA-CCF7-436B-8D63-C3751CC1D1A9} = {46EF153C-B6DD-41C7-A904-BD5CF9051F13}
		{2FCBA61B-F967-442F-A3F6-3A8AA7126B17} = {D48E877B-B792-4A79-8888-A3588AECDB3A}
		{BBBD4A5A-1A91-436E-88BC-8621AC261B7F} = {D48E877B-B792-4A79-8888-A3588AECDB3A}
		{A367ED72-ABD5-4CFD-A9BD-4BA911D53584} = {42DD2714-BB39-4FED-9704-2E0A160EDF80}
	EndGlobalSection
EndGlobal
