
Microsoft Visual Studio Solution File, Format Version 12.00
# Visual Studio 2012
Project("{FAE04EC0-301F-11D3-BF4B-00C04F79EFBC}") = "SensorLibrary", "..\SensorLibrary\SensorLibrary.csproj", "{160A1D77-985C-4DDD-BB20-46C8EBADF62F}"
EndProject
Project("{FAE04EC0-301F-11D3-BF4B-00C04F79EFBC}") = "SensorViewLibrary", "..\SensorViewLibrary\SensorViewLibrary.csproj", "{67364770-A9D3-42C1-ADB9-DF160FB38A27}"
EndProject
Project("{FAE04EC0-301F-11D3-BF4B-00C04F79EFBC}") = "RailroaderIO", "..\RailroaderIO\RailroaderIO.csproj", "{9C902CD5-20AE-45C4-918A-863F7D6064A0}"
EndProject
Project("{FAE04EC0-301F-11D3-BF4B-00C04F79EFBC}") = "SensorLivetView", "..\SensorLivetView\SensorLivetView.csproj", "{6DDB5211-7C3D-40EC-B826-B928AFFCD432}"
EndProject
Project("{FAE04EC0-301F-11D3-BF4B-00C04F79EFBC}") = "RouteVisualizer", "..\RouteVisualizer\RouteVisualizer.csproj", "{E366CBAE-EDDF-4486-87A2-826A07E1D9CC}"
EndProject
Project("{FAE04EC0-301F-11D3-BF4B-00C04F79EFBC}") = "LibUsbDotNet", "..\..\..\..\..\..\Program Files\LibUsbDotNet\Src\LibWinUsb\LibUsbDotNet.csproj", "{0A78F6FF-5586-4052-8104-E23FF83A7CE1}"
EndProject
Project("{FAE04EC0-301F-11D3-BF4B-00C04F79EFBC}") = "TestProject", "..\TestProject\TestProject.csproj", "{AFD2FB98-D65E-4EA1-9D6C-C7B68B26ADDA}"
EndProject
Project("{2150E333-8FDC-42A3-9474-1A3956D46DE8}") = "Solution Items", "Solution Items", "{6D232EBE-87CD-4D4E-BFDE-FB2402676506}"
	ProjectSection(SolutionItems) = preProject
		TusSolution.vsmdi = TusSolution.vsmdi
		パフォーマンス1.psess = パフォーマンス1.psess
	EndProjectSection
EndProject
Project("{888888A0-9F3D-457C-B088-3A5042F75D52}") = "TusServer", "TusServer\TusServer.pyproj", "{D58C2A9E-FB74-4D92-87A9-67E47AEA7007}"
EndProject
Project("{FAE04EC0-301F-11D3-BF4B-00C04F79EFBC}") = "RouteLibrary", "RouteLibrary\RouteLibrary.csproj", "{39E73A78-039D-45DD-AD32-879B81EA567E}"
EndProject
Project("{FAE04EC0-301F-11D3-BF4B-00C04F79EFBC}") = "RouteServerConsole", "RouteServerConsole\RouteServerConsole.csproj", "{59D80A24-B488-46D2-9A1A-514166D20AEA}"
EndProject
Project("{FAE04EC0-301F-11D3-BF4B-00C04F79EFBC}") = "DengoController", "DengoController\DengoController.csproj", "{4D1C6B04-A0FF-45A0-837E-3C0FD5E478AA}"
EndProject
Project("{2150E333-8FDC-42A3-9474-1A3956D46DE8}") = ".nuget", ".nuget", "{F47D62E0-33F8-4867-BA65-052C8BFFC1E0}"
	ProjectSection(SolutionItems) = preProject
		.nuget\NuGet.Config = .nuget\NuGet.Config
		.nuget\NuGet.exe = .nuget\NuGet.exe
		.nuget\NuGet.targets = .nuget\NuGet.targets
		.nuget\packages.config = .nuget\packages.config
	EndProjectSection
EndProject
Project("{FAE04EC0-301F-11D3-BF4B-00C04F79EFBC}") = "DialogConsole", "DialogConsole\DialogConsole.csproj", "{F2232BF9-17E6-4641-8326-D8B7BD90A1E9}"
EndProject
Global
	GlobalSection(TestCaseManagementSettings) = postSolution
		CategoryFile = TusSolution.vsmdi
	EndGlobalSection
	GlobalSection(SolutionConfigurationPlatforms) = preSolution
		Debug|Any CPU = Debug|Any CPU
		Debug|Mixed Platforms = Debug|Mixed Platforms
		Debug|x86 = Debug|x86
		Release|Any CPU = Release|Any CPU
		Release|Mixed Platforms = Release|Mixed Platforms
		Release|x86 = Release|x86
	EndGlobalSection
	GlobalSection(ProjectConfigurationPlatforms) = postSolution
		{160A1D77-985C-4DDD-BB20-46C8EBADF62F}.Debug|Any CPU.ActiveCfg = Debug|Any CPU
		{160A1D77-985C-4DDD-BB20-46C8EBADF62F}.Debug|Any CPU.Build.0 = Debug|Any CPU
		{160A1D77-985C-4DDD-BB20-46C8EBADF62F}.Debug|Mixed Platforms.ActiveCfg = Debug|Any CPU
		{160A1D77-985C-4DDD-BB20-46C8EBADF62F}.Debug|Mixed Platforms.Build.0 = Debug|Any CPU
		{160A1D77-985C-4DDD-BB20-46C8EBADF62F}.Debug|x86.ActiveCfg = Debug|Any CPU
		{160A1D77-985C-4DDD-BB20-46C8EBADF62F}.Release|Any CPU.ActiveCfg = Release|Any CPU
		{160A1D77-985C-4DDD-BB20-46C8EBADF62F}.Release|Any CPU.Build.0 = Release|Any CPU
		{160A1D77-985C-4DDD-BB20-46C8EBADF62F}.Release|Mixed Platforms.ActiveCfg = Release|Any CPU
		{160A1D77-985C-4DDD-BB20-46C8EBADF62F}.Release|Mixed Platforms.Build.0 = Release|Any CPU
		{160A1D77-985C-4DDD-BB20-46C8EBADF62F}.Release|x86.ActiveCfg = Release|Any CPU
		{67364770-A9D3-42C1-ADB9-DF160FB38A27}.Debug|Any CPU.ActiveCfg = Debug|x86
		{67364770-A9D3-42C1-ADB9-DF160FB38A27}.Debug|Mixed Platforms.ActiveCfg = Debug|x86
		{67364770-A9D3-42C1-ADB9-DF160FB38A27}.Debug|Mixed Platforms.Build.0 = Debug|x86
		{67364770-A9D3-42C1-ADB9-DF160FB38A27}.Debug|x86.ActiveCfg = Debug|x86
		{67364770-A9D3-42C1-ADB9-DF160FB38A27}.Debug|x86.Build.0 = Debug|x86
		{67364770-A9D3-42C1-ADB9-DF160FB38A27}.Release|Any CPU.ActiveCfg = Release|x86
		{67364770-A9D3-42C1-ADB9-DF160FB38A27}.Release|Mixed Platforms.ActiveCfg = Release|x86
		{67364770-A9D3-42C1-ADB9-DF160FB38A27}.Release|Mixed Platforms.Build.0 = Release|x86
		{67364770-A9D3-42C1-ADB9-DF160FB38A27}.Release|x86.ActiveCfg = Release|x86
		{67364770-A9D3-42C1-ADB9-DF160FB38A27}.Release|x86.Build.0 = Release|x86
		{9C902CD5-20AE-45C4-918A-863F7D6064A0}.Debug|Any CPU.ActiveCfg = Debug|Any CPU
		{9C902CD5-20AE-45C4-918A-863F7D6064A0}.Debug|Any CPU.Build.0 = Debug|Any CPU
		{9C902CD5-20AE-45C4-918A-863F7D6064A0}.Debug|Mixed Platforms.ActiveCfg = Debug|Any CPU
		{9C902CD5-20AE-45C4-918A-863F7D6064A0}.Debug|Mixed Platforms.Build.0 = Debug|Any CPU
		{9C902CD5-20AE-45C4-918A-863F7D6064A0}.Debug|x86.ActiveCfg = Debug|Any CPU
		{9C902CD5-20AE-45C4-918A-863F7D6064A0}.Release|Any CPU.ActiveCfg = Release|Any CPU
		{9C902CD5-20AE-45C4-918A-863F7D6064A0}.Release|Any CPU.Build.0 = Release|Any CPU
		{9C902CD5-20AE-45C4-918A-863F7D6064A0}.Release|Mixed Platforms.ActiveCfg = Release|Any CPU
		{9C902CD5-20AE-45C4-918A-863F7D6064A0}.Release|Mixed Platforms.Build.0 = Release|Any CPU
		{9C902CD5-20AE-45C4-918A-863F7D6064A0}.Release|x86.ActiveCfg = Release|Any CPU
		{6DDB5211-7C3D-40EC-B826-B928AFFCD432}.Debug|Any CPU.ActiveCfg = Debug|x86
		{6DDB5211-7C3D-40EC-B826-B928AFFCD432}.Debug|Mixed Platforms.ActiveCfg = Debug|x86
		{6DDB5211-7C3D-40EC-B826-B928AFFCD432}.Debug|Mixed Platforms.Build.0 = Debug|x86
		{6DDB5211-7C3D-40EC-B826-B928AFFCD432}.Debug|x86.ActiveCfg = Debug|x86
		{6DDB5211-7C3D-40EC-B826-B928AFFCD432}.Debug|x86.Build.0 = Debug|x86
		{6DDB5211-7C3D-40EC-B826-B928AFFCD432}.Release|Any CPU.ActiveCfg = Release|x86
		{6DDB5211-7C3D-40EC-B826-B928AFFCD432}.Release|Mixed Platforms.ActiveCfg = Release|x86
		{6DDB5211-7C3D-40EC-B826-B928AFFCD432}.Release|Mixed Platforms.Build.0 = Release|x86
		{6DDB5211-7C3D-40EC-B826-B928AFFCD432}.Release|x86.ActiveCfg = Release|x86
		{6DDB5211-7C3D-40EC-B826-B928AFFCD432}.Release|x86.Build.0 = Release|x86
		{E366CBAE-EDDF-4486-87A2-826A07E1D9CC}.Debug|Any CPU.ActiveCfg = Debug|x86
		{E366CBAE-EDDF-4486-87A2-826A07E1D9CC}.Debug|Mixed Platforms.ActiveCfg = Debug|x86
		{E366CBAE-EDDF-4486-87A2-826A07E1D9CC}.Debug|Mixed Platforms.Build.0 = Debug|x86
		{E366CBAE-EDDF-4486-87A2-826A07E1D9CC}.Debug|x86.ActiveCfg = Debug|x86
		{E366CBAE-EDDF-4486-87A2-826A07E1D9CC}.Debug|x86.Build.0 = Debug|x86
		{E366CBAE-EDDF-4486-87A2-826A07E1D9CC}.Release|Any CPU.ActiveCfg = Release|x86
		{E366CBAE-EDDF-4486-87A2-826A07E1D9CC}.Release|Mixed Platforms.ActiveCfg = Release|x86
		{E366CBAE-EDDF-4486-87A2-826A07E1D9CC}.Release|Mixed Platforms.Build.0 = Release|x86
		{E366CBAE-EDDF-4486-87A2-826A07E1D9CC}.Release|x86.ActiveCfg = Release|x86
		{E366CBAE-EDDF-4486-87A2-826A07E1D9CC}.Release|x86.Build.0 = Release|x86
		{0A78F6FF-5586-4052-8104-E23FF83A7CE1}.Debug|Any CPU.ActiveCfg = Debug|Any CPU
		{0A78F6FF-5586-4052-8104-E23FF83A7CE1}.Debug|Any CPU.Build.0 = Debug|Any CPU
		{0A78F6FF-5586-4052-8104-E23FF83A7CE1}.Debug|Mixed Platforms.ActiveCfg = Debug|x86
		{0A78F6FF-5586-4052-8104-E23FF83A7CE1}.Debug|Mixed Platforms.Build.0 = Debug|x86
		{0A78F6FF-5586-4052-8104-E23FF83A7CE1}.Debug|x86.ActiveCfg = Debug|x86
		{0A78F6FF-5586-4052-8104-E23FF83A7CE1}.Debug|x86.Build.0 = Debug|x86
		{0A78F6FF-5586-4052-8104-E23FF83A7CE1}.Release|Any CPU.ActiveCfg = Release|Any CPU
		{0A78F6FF-5586-4052-8104-E23FF83A7CE1}.Release|Any CPU.Build.0 = Release|Any CPU
		{0A78F6FF-5586-4052-8104-E23FF83A7CE1}.Release|Mixed Platforms.ActiveCfg = Release|x86
		{0A78F6FF-5586-4052-8104-E23FF83A7CE1}.Release|Mixed Platforms.Build.0 = Release|x86
		{0A78F6FF-5586-4052-8104-E23FF83A7CE1}.Release|x86.ActiveCfg = Release|x86
		{0A78F6FF-5586-4052-8104-E23FF83A7CE1}.Release|x86.Build.0 = Release|x86
		{AFD2FB98-D65E-4EA1-9D6C-C7B68B26ADDA}.Debug|Any CPU.ActiveCfg = Debug|Any CPU
		{AFD2FB98-D65E-4EA1-9D6C-C7B68B26ADDA}.Debug|Any CPU.Build.0 = Debug|Any CPU
		{AFD2FB98-D65E-4EA1-9D6C-C7B68B26ADDA}.Debug|Mixed Platforms.ActiveCfg = Debug|Any CPU
		{AFD2FB98-D65E-4EA1-9D6C-C7B68B26ADDA}.Debug|Mixed Platforms.Build.0 = Debug|Any CPU
		{AFD2FB98-D65E-4EA1-9D6C-C7B68B26ADDA}.Debug|x86.ActiveCfg = Debug|Any CPU
		{AFD2FB98-D65E-4EA1-9D6C-C7B68B26ADDA}.Release|Any CPU.ActiveCfg = Release|Any CPU
		{AFD2FB98-D65E-4EA1-9D6C-C7B68B26ADDA}.Release|Any CPU.Build.0 = Release|Any CPU
		{AFD2FB98-D65E-4EA1-9D6C-C7B68B26ADDA}.Release|Mixed Platforms.ActiveCfg = Release|Any CPU
		{AFD2FB98-D65E-4EA1-9D6C-C7B68B26ADDA}.Release|Mixed Platforms.Build.0 = Release|Any CPU
		{AFD2FB98-D65E-4EA1-9D6C-C7B68B26ADDA}.Release|x86.ActiveCfg = Release|Any CPU
		{D58C2A9E-FB74-4D92-87A9-67E47AEA7007}.Debug|Any CPU.ActiveCfg = Debug|Any CPU
		{D58C2A9E-FB74-4D92-87A9-67E47AEA7007}.Debug|Mixed Platforms.ActiveCfg = Debug|Any CPU
		{D58C2A9E-FB74-4D92-87A9-67E47AEA7007}.Debug|x86.ActiveCfg = Debug|Any CPU
		{D58C2A9E-FB74-4D92-87A9-67E47AEA7007}.Release|Any CPU.ActiveCfg = Release|Any CPU
		{D58C2A9E-FB74-4D92-87A9-67E47AEA7007}.Release|Mixed Platforms.ActiveCfg = Release|Any CPU
		{D58C2A9E-FB74-4D92-87A9-67E47AEA7007}.Release|x86.ActiveCfg = Release|Any CPU
		{39E73A78-039D-45DD-AD32-879B81EA567E}.Debug|Any CPU.ActiveCfg = Debug|Any CPU
		{39E73A78-039D-45DD-AD32-879B81EA567E}.Debug|Any CPU.Build.0 = Debug|Any CPU
		{39E73A78-039D-45DD-AD32-879B81EA567E}.Debug|Mixed Platforms.ActiveCfg = Debug|Any CPU
		{39E73A78-039D-45DD-AD32-879B81EA567E}.Debug|Mixed Platforms.Build.0 = Debug|Any CPU
		{39E73A78-039D-45DD-AD32-879B81EA567E}.Debug|x86.ActiveCfg = Debug|Any CPU
		{39E73A78-039D-45DD-AD32-879B81EA567E}.Release|Any CPU.ActiveCfg = Release|Any CPU
		{39E73A78-039D-45DD-AD32-879B81EA567E}.Release|Any CPU.Build.0 = Release|Any CPU
		{39E73A78-039D-45DD-AD32-879B81EA567E}.Release|Mixed Platforms.ActiveCfg = Release|Any CPU
		{39E73A78-039D-45DD-AD32-879B81EA567E}.Release|Mixed Platforms.Build.0 = Release|Any CPU
		{39E73A78-039D-45DD-AD32-879B81EA567E}.Release|x86.ActiveCfg = Release|Any CPU
		{59D80A24-B488-46D2-9A1A-514166D20AEA}.Debug|Any CPU.ActiveCfg = Debug|x86
		{59D80A24-B488-46D2-9A1A-514166D20AEA}.Debug|Mixed Platforms.ActiveCfg = Debug|x86
		{59D80A24-B488-46D2-9A1A-514166D20AEA}.Debug|Mixed Platforms.Build.0 = Debug|x86
		{59D80A24-B488-46D2-9A1A-514166D20AEA}.Debug|x86.ActiveCfg = Debug|x86
		{59D80A24-B488-46D2-9A1A-514166D20AEA}.Debug|x86.Build.0 = Debug|x86
		{59D80A24-B488-46D2-9A1A-514166D20AEA}.Release|Any CPU.ActiveCfg = Release|x86
		{59D80A24-B488-46D2-9A1A-514166D20AEA}.Release|Mixed Platforms.ActiveCfg = Release|x86
		{59D80A24-B488-46D2-9A1A-514166D20AEA}.Release|Mixed Platforms.Build.0 = Release|x86
		{59D80A24-B488-46D2-9A1A-514166D20AEA}.Release|x86.ActiveCfg = Release|x86
		{59D80A24-B488-46D2-9A1A-514166D20AEA}.Release|x86.Build.0 = Release|x86
		{4D1C6B04-A0FF-45A0-837E-3C0FD5E478AA}.Debug|Any CPU.ActiveCfg = Debug|Any CPU
		{4D1C6B04-A0FF-45A0-837E-3C0FD5E478AA}.Debug|Any CPU.Build.0 = Debug|Any CPU
		{4D1C6B04-A0FF-45A0-837E-3C0FD5E478AA}.Debug|Mixed Platforms.ActiveCfg = Debug|Any CPU
		{4D1C6B04-A0FF-45A0-837E-3C0FD5E478AA}.Debug|Mixed Platforms.Build.0 = Debug|Any CPU
		{4D1C6B04-A0FF-45A0-837E-3C0FD5E478AA}.Debug|x86.ActiveCfg = Debug|Any CPU
		{4D1C6B04-A0FF-45A0-837E-3C0FD5E478AA}.Release|Any CPU.ActiveCfg = Release|Any CPU
		{4D1C6B04-A0FF-45A0-837E-3C0FD5E478AA}.Release|Any CPU.Build.0 = Release|Any CPU
		{4D1C6B04-A0FF-45A0-837E-3C0FD5E478AA}.Release|Mixed Platforms.ActiveCfg = Release|Any CPU
		{4D1C6B04-A0FF-45A0-837E-3C0FD5E478AA}.Release|Mixed Platforms.Build.0 = Release|Any CPU
		{4D1C6B04-A0FF-45A0-837E-3C0FD5E478AA}.Release|x86.ActiveCfg = Release|Any CPU
		{F2232BF9-17E6-4641-8326-D8B7BD90A1E9}.Debug|Any CPU.ActiveCfg = Debug|Any CPU
		{F2232BF9-17E6-4641-8326-D8B7BD90A1E9}.Debug|Any CPU.Build.0 = Debug|Any CPU
		{F2232BF9-17E6-4641-8326-D8B7BD90A1E9}.Debug|Mixed Platforms.ActiveCfg = Debug|Any CPU
		{F2232BF9-17E6-4641-8326-D8B7BD90A1E9}.Debug|Mixed Platforms.Build.0 = Debug|Any CPU
		{F2232BF9-17E6-4641-8326-D8B7BD90A1E9}.Debug|x86.ActiveCfg = Debug|Any CPU
		{F2232BF9-17E6-4641-8326-D8B7BD90A1E9}.Release|Any CPU.ActiveCfg = Release|Any CPU
		{F2232BF9-17E6-4641-8326-D8B7BD90A1E9}.Release|Any CPU.Build.0 = Release|Any CPU
		{F2232BF9-17E6-4641-8326-D8B7BD90A1E9}.Release|Mixed Platforms.ActiveCfg = Release|Any CPU
		{F2232BF9-17E6-4641-8326-D8B7BD90A1E9}.Release|Mixed Platforms.Build.0 = Release|Any CPU
		{F2232BF9-17E6-4641-8326-D8B7BD90A1E9}.Release|x86.ActiveCfg = Release|Any CPU
	EndGlobalSection
	GlobalSection(SolutionProperties) = preSolution
		HideSolutionNode = FALSE
	EndGlobalSection
EndGlobal
